
Microsoft Visual Studio Solution File, Format Version 12.00
# Visual Studio Version 16
VisualStudioVersion = 16.0.30204.135
MinimumVisualStudioVersion = 10.0.40219.1
Project("{9A19103F-16F7-4668-BE54-9A1E7A4F7556}") = "MvcCookieAuthSample", "MvcCookieAuthSample\MvcCookieAuthSample.csproj", "{95D3DC07-665D-4A2A-A955-4B1D0297C117}"
EndProject
Project("{9A19103F-16F7-4668-BE54-9A1E7A4F7556}") = "JwtAuthSample", "JwtAuthSample\JwtAuthSample.csproj", "{C9976D37-5B23-4DA2-887C-4C05B685FD84}"
EndProject
Project("{9A19103F-16F7-4668-BE54-9A1E7A4F7556}") = "IdentitySample", "IdentitySample\IdentitySample.csproj", "{12576CC3-031C-474E-887E-91750A703AA7}"
EndProject
Global
	GlobalSection(SolutionConfigurationPlatforms) = preSolution
		Debug|Any CPU = Debug|Any CPU
		Release|Any CPU = Release|Any CPU
	EndGlobalSection
	GlobalSection(ProjectConfigurationPlatforms) = postSolution
		{95D3DC07-665D-4A2A-A955-4B1D0297C117}.Debug|Any CPU.ActiveCfg = Debug|Any CPU
		{95D3DC07-665D-4A2A-A955-4B1D0297C117}.Debug|Any CPU.Build.0 = Debug|Any CPU
		{95D3DC07-665D-4A2A-A955-4B1D0297C117}.Release|Any CPU.ActiveCfg = Release|Any CPU
		{95D3DC07-665D-4A2A-A955-4B1D0297C117}.Release|Any CPU.Build.0 = Release|Any CPU
		{C9976D37-5B23-4DA2-887C-4C05B685FD84}.Debug|Any CPU.ActiveCfg = Debug|Any CPU
		{C9976D37-5B23-4DA2-887C-4C05B685FD84}.Debug|Any CPU.Build.0 = Debug|Any CPU
		{C9976D37-5B23-4DA2-887C-4C05B685FD84}.Release|Any CPU.ActiveCfg = Release|Any CPU
		{C9976D37-5B23-4DA2-887C-4C05B685FD84}.Release|Any CPU.Build.0 = Release|Any CPU
		{12576CC3-031C-474E-887E-91750A703AA7}.Debug|Any CPU.ActiveCfg = Debug|Any CPU
		{12576CC3-031C-474E-887E-91750A703AA7}.Debug|Any CPU.Build.0 = Debug|Any CPU
		{12576CC3-031C-474E-887E-91750A703AA7}.Release|Any CPU.ActiveCfg = Release|Any CPU
		{12576CC3-031C-474E-887E-91750A703AA7}.Release|Any CPU.Build.0 = Release|Any CPU
	EndGlobalSection
	GlobalSection(SolutionProperties) = preSolution
		HideSolutionNode = FALSE
	EndGlobalSection
	GlobalSection(ExtensibilityGlobals) = postSolution
		SolutionGuid = {85D8F127-9589-4BDF-9F8E-40C8C2FCC104}
	EndGlobalSection
EndGlobal
